
Microsoft Visual Studio Solution File, Format Version 12.00
# Visual Studio 15
VisualStudioVersion = 15.0.28307.438
MinimumVisualStudioVersion = 10.0.40219.1
Project("{FAE04EC0-301F-11D3-BF4B-00C04F79EFBC}") = "WebScraper", "WebScraper\WebScraper.csproj", "{49E37181-8FC9-4638-BE64-2F0660A2ECEA}"
EndProject
Global
	GlobalSection(SolutionConfigurationPlatforms) = preSolution
		Debug|Any CPU = Debug|Any CPU
		Release|Any CPU = Release|Any CPU
	EndGlobalSection
	GlobalSection(ProjectConfigurationPlatforms) = postSolution
		{49E37181-8FC9-4638-BE64-2F0660A2ECEA}.Debug|Any CPU.ActiveCfg = Debug|Any CPU
		{49E37181-8FC9-4638-BE64-2F0660A2ECEA}.Debug|Any CPU.Build.0 = Debug|Any CPU
		{49E37181-8FC9-4638-BE64-2F0660A2ECEA}.Release|Any CPU.ActiveCfg = Release|Any CPU
		{49E37181-8FC9-4638-BE64-2F0660A2ECEA}.Release|Any CPU.Build.0 = Release|Any CPU
	EndGlobalSection
	GlobalSection(SolutionProperties) = preSolution
		HideSolutionNode = FALSE
	EndGlobalSection
	GlobalSection(ExtensibilityGlobals) = postSolution
		SolutionGuid = {10E553D2-D272-4559-BB9A-150165E3317E}
	EndGlobalSection
EndGlobal
